Microsoft Visual Studio Solution File, Format Version 12.00
# Visual Studio Version 16
VisualStudioVersion = 16.0.30804.86
MinimumVisualStudioVersion = 10.0.40219.1
Project("{2150E333-8FDC-42A3-9474-1A3956D46DE8}") = "Core", "Core", "{24C79A7F-AD81-452E-84F1-F47CBBBC1D3B}"
EndProject
Project("{FAE04EC0-301F-11D3-BF4B-00C04F79EFBC}") = "EVIL.Lexical", "Core\EVIL.Lexical\EVIL.Lexical.csproj", "{C2016696-CA6E-46C8-8036-3ED55E811C1E}"
EndProject
Project("{FAE04EC0-301F-11D3-BF4B-00C04F79EFBC}") = "EVIL.Grammar", "Core\EVIL.Grammar\EVIL.Grammar.csproj", "{F7BBF1F3-8333-454C-A13E-29B075EA58DF}"
EndProject
Project("{2150E333-8FDC-42A3-9474-1A3956D46DE8}") = "VirtualMachine", "VirtualMachine", "{756B8242-B57E-4AB4-A7CE-CFB03E0BC11C}"
EndProject
Project("{FAE04EC0-301F-11D3-BF4B-00C04F79EFBC}") = "EVIL.ExecutionEngine", "VirtualMachine\EVIL.ExecutionEngine\EVIL.ExecutionEngine.csproj", "{81822383-95F2-4746-AF2E-41F7DCE12A0C}"
EndProject
Project("{FAE04EC0-301F-11D3-BF4B-00C04F79EFBC}") = "EVIL.Intermediate", "VirtualMachine\EVIL.Intermediate\EVIL.Intermediate.csproj", "{1AD8F91B-14DD-4AEA-A502-1FF685754CA3}"
EndProject
Project("{FAE04EC0-301F-11D3-BF4B-00C04F79EFBC}") = "EVIL.RT", "VirtualMachine\EVIL.RT\EVIL.RT.csproj", "{A99D9BEC-6A8E-409E-92A7-A80AD41249AB}"
EndProject
Project("{FAE04EC0-301F-11D3-BF4B-00C04F79EFBC}") = "ScriptingEngineExample", "VirtualMachine\ScriptingEngineExample\ScriptingEngineExample.csproj", "{E864C902-4B98-4D9C-86AB-6A9D2FC4D54B}"
EndProject
Project("{D954291E-2A0B-460D-934E-DC6B0785DB48}") = "Shared", "Shared\Shared.shproj", "{7EC88A7D-35E1-4E20-81FB-398122F356F0}"
EndProject
Project("{FAE04EC0-301F-11D3-BF4B-00C04F79EFBC}") = "EVIL.CVIL", "VirtualMachine\EVIL.CVIL\EVIL.CVIL.csproj", "{F4EF3415-3497-4802-B4EE-355FD6443D67}"
EndProject
Project("{2150E333-8FDC-42A3-9474-1A3956D46DE8}") = "FrontEnd", "FrontEnd", "{0C5DECCE-FC07-4CEE-97B0-CCF1AB351910}"
EndProject
Project("{FAE04EC0-301F-11D3-BF4B-00C04F79EFBC}") = "EVIL.EVIL", "VirtualMachine\EVIL.EVIL\EVIL.EVIL.csproj", "{931BDFBE-F2E1-4551-B653-DDF60B2917DF}"
EndProject
Project("{FAE04EC0-301F-11D3-BF4B-00C04F79EFBC}") = "EVIL.UnitTests", "VirtualMachine\EVIL.UnitTests\EVIL.UnitTests.csproj", "{BB7C1C6B-F983-4A21-B1C9-E9198038ED42}"
EndProject
Global
	GlobalSection(SolutionConfigurationPlatforms) = preSolution
		Debug|Any CPU = Debug|Any CPU
		Release|Any CPU = Release|Any CPU
	EndGlobalSection
	GlobalSection(ProjectConfigurationPlatforms) = postSolution
		{C2016696-CA6E-46C8-8036-3ED55E811C1E}.Debug|Any CPU.ActiveCfg = Debug|Any CPU
		{C2016696-CA6E-46C8-8036-3ED55E811C1E}.Debug|Any CPU.Build.0 = Debug|Any CPU
		{C2016696-CA6E-46C8-8036-3ED55E811C1E}.Release|Any CPU.ActiveCfg = Release|Any CPU
		{C2016696-CA6E-46C8-8036-3ED55E811C1E}.Release|Any CPU.Build.0 = Release|Any CPU
		{F7BBF1F3-8333-454C-A13E-29B075EA58DF}.Debug|Any CPU.ActiveCfg = Debug|Any CPU
		{F7BBF1F3-8333-454C-A13E-29B075EA58DF}.Debug|Any CPU.Build.0 = Debug|Any CPU
		{F7BBF1F3-8333-454C-A13E-29B075EA58DF}.Release|Any CPU.ActiveCfg = Release|Any CPU
		{F7BBF1F3-8333-454C-A13E-29B075EA58DF}.Release|Any CPU.Build.0 = Release|Any CPU
		{81822383-95F2-4746-AF2E-41F7DCE12A0C}.Debug|Any CPU.ActiveCfg = Debug|Any CPU
		{81822383-95F2-4746-AF2E-41F7DCE12A0C}.Debug|Any CPU.Build.0 = Debug|Any CPU
		{81822383-95F2-4746-AF2E-41F7DCE12A0C}.Release|Any CPU.ActiveCfg = Release|Any CPU
		{81822383-95F2-4746-AF2E-41F7DCE12A0C}.Release|Any CPU.Build.0 = Release|Any CPU
		{1AD8F91B-14DD-4AEA-A502-1FF685754CA3}.Debug|Any CPU.ActiveCfg = Debug|Any CPU
		{1AD8F91B-14DD-4AEA-A502-1FF685754CA3}.Debug|Any CPU.Build.0 = Debug|Any CPU
		{1AD8F91B-14DD-4AEA-A502-1FF685754CA3}.Release|Any CPU.ActiveCfg = Release|Any CPU
		{1AD8F91B-14DD-4AEA-A502-1FF685754CA3}.Release|Any CPU.Build.0 = Release|Any CPU
		{A99D9BEC-6A8E-409E-92A7-A80AD41249AB}.Debug|Any CPU.ActiveCfg = Debug|Any CPU
		{A99D9BEC-6A8E-409E-92A7-A80AD41249AB}.Debug|Any CPU.Build.0 = Debug|Any CPU
		{A99D9BEC-6A8E-409E-92A7-A80AD41249AB}.Release|Any CPU.ActiveCfg = Release|Any CPU
		{A99D9BEC-6A8E-409E-92A7-A80AD41249AB}.Release|Any CPU.Build.0 = Release|Any CPU
		{E864C902-4B98-4D9C-86AB-6A9D2FC4D54B}.Debug|Any CPU.ActiveCfg = Debug|Any CPU
		{E864C902-4B98-4D9C-86AB-6A9D2FC4D54B}.Debug|Any CPU.Build.0 = Debug|Any CPU
		{E864C902-4B98-4D9C-86AB-6A9D2FC4D54B}.Release|Any CPU.ActiveCfg = Release|Any CPU
		{E864C902-4B98-4D9C-86AB-6A9D2FC4D54B}.Release|Any CPU.Build.0 = Release|Any CPU
		{F4EF3415-3497-4802-B4EE-355FD6443D67}.Debug|Any CPU.ActiveCfg = Debug|Any CPU
		{F4EF3415-3497-4802-B4EE-355FD6443D67}.Debug|Any CPU.Build.0 = Debug|Any CPU
		{F4EF3415-3497-4802-B4EE-355FD6443D67}.Release|Any CPU.ActiveCfg = Release|Any CPU
		{F4EF3415-3497-4802-B4EE-355FD6443D67}.Release|Any CPU.Build.0 = Release|Any CPU
		{931BDFBE-F2E1-4551-B653-DDF60B2917DF}.Debug|Any CPU.ActiveCfg = Debug|Any CPU
		{931BDFBE-F2E1-4551-B653-DDF60B2917DF}.Debug|Any CPU.Build.0 = Debug|Any CPU
		{931BDFBE-F2E1-4551-B653-DDF60B2917DF}.Release|Any CPU.ActiveCfg = Release|Any CPU
		{931BDFBE-F2E1-4551-B653-DDF60B2917DF}.Release|Any CPU.Build.0 = Release|Any CPU
		{BB7C1C6B-F983-4A21-B1C9-E9198038ED42}.Debug|Any CPU.ActiveCfg = Debug|Any CPU
		{BB7C1C6B-F983-4A21-B1C9-E9198038ED42}.Debug|Any CPU.Build.0 = Debug|Any CPU
		{BB7C1C6B-F983-4A21-B1C9-E9198038ED42}.Release|Any CPU.ActiveCfg = Release|Any CPU
		{BB7C1C6B-F983-4A21-B1C9-E9198038ED42}.Release|Any CPU.Build.0 = Release|Any CPU
	EndGlobalSection
	GlobalSection(SolutionProperties) = preSolution
		HideSolutionNode = FALSE
	EndGlobalSection
	GlobalSection(ExtensibilityGlobals) = postSolution
		SolutionGuid = {003BDB26-9404-42CB-AB25-7A243764CE61}
	EndGlobalSection
	GlobalSection(NestedProjects) = preSolution
		{C2016696-CA6E-46C8-8036-3ED55E811C1E} = {24C79A7F-AD81-452E-84F1-F47CBBBC1D3B}
		{F7BBF1F3-8333-454C-A13E-29B075EA58DF} = {24C79A7F-AD81-452E-84F1-F47CBBBC1D3B}
		{81822383-95F2-4746-AF2E-41F7DCE12A0C} = {756B8242-B57E-4AB4-A7CE-CFB03E0BC11C}
		{1AD8F91B-14DD-4AEA-A502-1FF685754CA3} = {756B8242-B57E-4AB4-A7CE-CFB03E0BC11C}
		{A99D9BEC-6A8E-409E-92A7-A80AD41249AB} = {756B8242-B57E-4AB4-A7CE-CFB03E0BC11C}
		{E864C902-4B98-4D9C-86AB-6A9D2FC4D54B} = {756B8242-B57E-4AB4-A7CE-CFB03E0BC11C}
		{0C5DECCE-FC07-4CEE-97B0-CCF1AB351910} = {756B8242-B57E-4AB4-A7CE-CFB03E0BC11C}
		{F4EF3415-3497-4802-B4EE-355FD6443D67} = {0C5DECCE-FC07-4CEE-97B0-CCF1AB351910}
		{931BDFBE-F2E1-4551-B653-DDF60B2917DF} = {0C5DECCE-FC07-4CEE-97B0-CCF1AB351910}
		{BB7C1C6B-F983-4A21-B1C9-E9198038ED42} = {756B8242-B57E-4AB4-A7CE-CFB03E0BC11C}
	EndGlobalSection
EndGlobal
