Microsoft Visual Studio Solution File, Format Version 12.00
# Visual Studio Version 16
VisualStudioVersion = 16.0.30804.86
MinimumVisualStudioVersion = 10.0.40219.1
Project("{2150E333-8FDC-42A3-9474-1A3956D46DE8}") = "Core", "Core", "{24C79A7F-AD81-452E-84F1-F47CBBBC1D3B}"
EndProject
Project("{FAE04EC0-301F-11D3-BF4B-00C04F79EFBC}") = "EVIL.Lexical", "Core\EVIL.Lexical\EVIL.Lexical.csproj", "{C2016696-CA6E-46C8-8036-3ED55E811C1E}"
EndProject
Project("{FAE04EC0-301F-11D3-BF4B-00C04F79EFBC}") = "EVIL.Grammar", "Core\EVIL.Grammar\EVIL.Grammar.csproj", "{F7BBF1F3-8333-454C-A13E-29B075EA58DF}"
EndProject
Project("{D954291E-2A0B-460D-934E-DC6B0785DB48}") = "Shared", "Shared\Shared.shproj", "{7EC88A7D-35E1-4E20-81FB-398122F356F0}"
EndProject
Project("{2150E333-8FDC-42A3-9474-1A3956D46DE8}") = "VirtualMachine", "VirtualMachine", "{F5F839A9-37E0-4339-BF6B-F21ACCAEB87F}"
EndProject
Project("{FAE04EC0-301F-11D3-BF4B-00C04F79EFBC}") = "Ceres", "VirtualMachine\Ceres\Ceres.csproj", "{6E67171C-B750-4029-9D33-58A324841DE3}"
EndProject
Project("{FAE04EC0-301F-11D3-BF4B-00C04F79EFBC}") = "Ceres.Runtime", "VirtualMachine\Ceres.Runtime\Ceres.Runtime.csproj", "{8A7DA38F-2552-4E3E-ABBB-D68E0517D5F6}"
EndProject
Project("{FAE04EC0-301F-11D3-BF4B-00C04F79EFBC}") = "Ceres.LanguageTests", "VirtualMachine\Tests\Ceres.LanguageTests\Ceres.LanguageTests.csproj", "{411B5E5D-E243-4C80-8E27-24E0D2554248}"
EndProject
Project("{FAE04EC0-301F-11D3-BF4B-00C04F79EFBC}") = "Ceres.RuntimeTests", "VirtualMachine\Tests\Ceres.RuntimeTests\Ceres.RuntimeTests.csproj", "{38985664-66DE-4DF7-83E6-708F68AF3D4F}"
EndProject
Project("{2150E333-8FDC-42A3-9474-1A3956D46DE8}") = "Docs", "Docs", "{F12F3290-6350-44AC-9A28-FAFCB371BAC0}"
EndProject
Project("{2150E333-8FDC-42A3-9474-1A3956D46DE8}") = "Language Reference Manual", "Language Reference Manual", "{71CF56C3-5CCA-47F5-807E-5BCAF0F93147}"
	ProjectSection(SolutionItems) = preProject
		Docs\Language Reference Manual\00_intro.md = Docs\Language Reference Manual\00_intro.md
		Docs\Language Reference Manual\01_script_overview.md = Docs\Language Reference Manual\01_script_overview.md
		Docs\Language Reference Manual\02_data_types.md = Docs\Language Reference Manual\02_data_types.md
		Docs\Language Reference Manual\04_expressions.md = Docs\Language Reference Manual\04_expressions.md
		Docs\Language Reference Manual\03_statements.md = Docs\Language Reference Manual\03_statements.md
	EndProjectSection
EndProject
Project("{2150E333-8FDC-42A3-9474-1A3956D46DE8}") = "Tests", "Tests", "{B72D0BB0-95CE-4C61-9DB2-B036BAA51B02}"
EndProject
Project("{2150E333-8FDC-42A3-9474-1A3956D46DE8}") = "Tests", "Tests", "{D0B83052-146C-450A-ADF7-4F19F0A09293}"
EndProject
Project("{FAE04EC0-301F-11D3-BF4B-00C04F79EFBC}") = "EVIL.CoreTests", "Core\Tests\EVIL.CoreTests\EVIL.CoreTests.csproj", "{513E7D3A-EE8B-49B7-83C4-89D2099F0A04}"
EndProject
Project("{FAE04EC0-301F-11D3-BF4B-00C04F79EFBC}") = "EVIL.CommonTypes", "Core\EVIL.CommonTypes\EVIL.CommonTypes.csproj", "{8E8AD351-85A0-4251-993C-BAF20FC70EA1}"
EndProject
Project("{2150E333-8FDC-42A3-9474-1A3956D46DE8}") = "FrontEnd", "FrontEnd", "{BB2970C2-E521-472D-9F0F-E056695F1AEE}"
EndProject
Project("{FAE04EC0-301F-11D3-BF4B-00C04F79EFBC}") = "EVIL.evil", "FrontEnd\EVIL.evil\EVIL.evil.csproj", "{014FE88B-32E4-4369-ADE0-96F109121ED5}"
EndProject
Project("{FAE04EC0-301F-11D3-BF4B-00C04F79EFBC}") = "EVIL.evc", "FrontEnd\EVIL.evc\EVIL.evc.csproj", "{60CD39FE-8851-45EF-BA22-4ADE009868EF}"
EndProject
Project("{FAE04EC0-301F-11D3-BF4B-00C04F79EFBC}") = "Ceres.SerializationTests", "VirtualMachine\Tests\Ceres.SerializationTests\Ceres.SerializationTests.csproj", "{F49A623B-4ACF-4BB6-A98F-72D7359465A1}"
EndProject
Global
	GlobalSection(SolutionConfigurationPlatforms) = preSolution
		Debug|Any CPU = Debug|Any CPU
		Release|Any CPU = Release|Any CPU
	EndGlobalSection
	GlobalSection(ProjectConfigurationPlatforms) = postSolution
		{C2016696-CA6E-46C8-8036-3ED55E811C1E}.Debug|Any CPU.ActiveCfg = Debug|Any CPU
		{C2016696-CA6E-46C8-8036-3ED55E811C1E}.Debug|Any CPU.Build.0 = Debug|Any CPU
		{C2016696-CA6E-46C8-8036-3ED55E811C1E}.Release|Any CPU.ActiveCfg = Release|Any CPU
		{C2016696-CA6E-46C8-8036-3ED55E811C1E}.Release|Any CPU.Build.0 = Release|Any CPU
		{F7BBF1F3-8333-454C-A13E-29B075EA58DF}.Debug|Any CPU.ActiveCfg = Debug|Any CPU
		{F7BBF1F3-8333-454C-A13E-29B075EA58DF}.Debug|Any CPU.Build.0 = Debug|Any CPU
		{F7BBF1F3-8333-454C-A13E-29B075EA58DF}.Release|Any CPU.ActiveCfg = Release|Any CPU
		{F7BBF1F3-8333-454C-A13E-29B075EA58DF}.Release|Any CPU.Build.0 = Release|Any CPU
		{6E67171C-B750-4029-9D33-58A324841DE3}.Debug|Any CPU.ActiveCfg = Debug|Any CPU
		{6E67171C-B750-4029-9D33-58A324841DE3}.Debug|Any CPU.Build.0 = Debug|Any CPU
		{6E67171C-B750-4029-9D33-58A324841DE3}.Release|Any CPU.ActiveCfg = Release|Any CPU
		{6E67171C-B750-4029-9D33-58A324841DE3}.Release|Any CPU.Build.0 = Release|Any CPU
		{411B5E5D-E243-4C80-8E27-24E0D2554248}.Debug|Any CPU.ActiveCfg = Debug|Any CPU
		{411B5E5D-E243-4C80-8E27-24E0D2554248}.Debug|Any CPU.Build.0 = Debug|Any CPU
		{411B5E5D-E243-4C80-8E27-24E0D2554248}.Release|Any CPU.ActiveCfg = Release|Any CPU
		{411B5E5D-E243-4C80-8E27-24E0D2554248}.Release|Any CPU.Build.0 = Release|Any CPU
		{8A7DA38F-2552-4E3E-ABBB-D68E0517D5F6}.Debug|Any CPU.ActiveCfg = Debug|Any CPU
		{8A7DA38F-2552-4E3E-ABBB-D68E0517D5F6}.Debug|Any CPU.Build.0 = Debug|Any CPU
		{8A7DA38F-2552-4E3E-ABBB-D68E0517D5F6}.Release|Any CPU.ActiveCfg = Release|Any CPU
		{8A7DA38F-2552-4E3E-ABBB-D68E0517D5F6}.Release|Any CPU.Build.0 = Release|Any CPU
		{38985664-66DE-4DF7-83E6-708F68AF3D4F}.Debug|Any CPU.ActiveCfg = Debug|Any CPU
		{38985664-66DE-4DF7-83E6-708F68AF3D4F}.Debug|Any CPU.Build.0 = Debug|Any CPU
		{38985664-66DE-4DF7-83E6-708F68AF3D4F}.Release|Any CPU.ActiveCfg = Release|Any CPU
		{38985664-66DE-4DF7-83E6-708F68AF3D4F}.Release|Any CPU.Build.0 = Release|Any CPU
		{513E7D3A-EE8B-49B7-83C4-89D2099F0A04}.Debug|Any CPU.ActiveCfg = Debug|Any CPU
		{513E7D3A-EE8B-49B7-83C4-89D2099F0A04}.Debug|Any CPU.Build.0 = Debug|Any CPU
		{513E7D3A-EE8B-49B7-83C4-89D2099F0A04}.Release|Any CPU.ActiveCfg = Release|Any CPU
		{513E7D3A-EE8B-49B7-83C4-89D2099F0A04}.Release|Any CPU.Build.0 = Release|Any CPU
		{8E8AD351-85A0-4251-993C-BAF20FC70EA1}.Debug|Any CPU.ActiveCfg = Debug|Any CPU
		{8E8AD351-85A0-4251-993C-BAF20FC70EA1}.Debug|Any CPU.Build.0 = Debug|Any CPU
		{8E8AD351-85A0-4251-993C-BAF20FC70EA1}.Release|Any CPU.ActiveCfg = Release|Any CPU
		{8E8AD351-85A0-4251-993C-BAF20FC70EA1}.Release|Any CPU.Build.0 = Release|Any CPU
		{014FE88B-32E4-4369-ADE0-96F109121ED5}.Debug|Any CPU.ActiveCfg = Debug|Any CPU
		{014FE88B-32E4-4369-ADE0-96F109121ED5}.Debug|Any CPU.Build.0 = Debug|Any CPU
		{014FE88B-32E4-4369-ADE0-96F109121ED5}.Release|Any CPU.ActiveCfg = Release|Any CPU
		{014FE88B-32E4-4369-ADE0-96F109121ED5}.Release|Any CPU.Build.0 = Release|Any CPU
		{60CD39FE-8851-45EF-BA22-4ADE009868EF}.Debug|Any CPU.ActiveCfg = Debug|Any CPU
		{60CD39FE-8851-45EF-BA22-4ADE009868EF}.Debug|Any CPU.Build.0 = Debug|Any CPU
		{60CD39FE-8851-45EF-BA22-4ADE009868EF}.Release|Any CPU.ActiveCfg = Release|Any CPU
		{60CD39FE-8851-45EF-BA22-4ADE009868EF}.Release|Any CPU.Build.0 = Release|Any CPU
		{F49A623B-4ACF-4BB6-A98F-72D7359465A1}.Debug|Any CPU.ActiveCfg = Debug|Any CPU
		{F49A623B-4ACF-4BB6-A98F-72D7359465A1}.Debug|Any CPU.Build.0 = Debug|Any CPU
		{F49A623B-4ACF-4BB6-A98F-72D7359465A1}.Release|Any CPU.ActiveCfg = Release|Any CPU
		{F49A623B-4ACF-4BB6-A98F-72D7359465A1}.Release|Any CPU.Build.0 = Release|Any CPU
	EndGlobalSection
	GlobalSection(SolutionProperties) = preSolution
		HideSolutionNode = FALSE
	EndGlobalSection
	GlobalSection(ExtensibilityGlobals) = postSolution
		SolutionGuid = {003BDB26-9404-42CB-AB25-7A243764CE61}
	EndGlobalSection
	GlobalSection(NestedProjects) = preSolution
		{C2016696-CA6E-46C8-8036-3ED55E811C1E} = {24C79A7F-AD81-452E-84F1-F47CBBBC1D3B}
		{F7BBF1F3-8333-454C-A13E-29B075EA58DF} = {24C79A7F-AD81-452E-84F1-F47CBBBC1D3B}
		{6E67171C-B750-4029-9D33-58A324841DE3} = {F5F839A9-37E0-4339-BF6B-F21ACCAEB87F}
		{8A7DA38F-2552-4E3E-ABBB-D68E0517D5F6} = {F5F839A9-37E0-4339-BF6B-F21ACCAEB87F}
		{71CF56C3-5CCA-47F5-807E-5BCAF0F93147} = {F12F3290-6350-44AC-9A28-FAFCB371BAC0}
		{B72D0BB0-95CE-4C61-9DB2-B036BAA51B02} = {F5F839A9-37E0-4339-BF6B-F21ACCAEB87F}
		{411B5E5D-E243-4C80-8E27-24E0D2554248} = {B72D0BB0-95CE-4C61-9DB2-B036BAA51B02}
		{38985664-66DE-4DF7-83E6-708F68AF3D4F} = {B72D0BB0-95CE-4C61-9DB2-B036BAA51B02}
		{D0B83052-146C-450A-ADF7-4F19F0A09293} = {24C79A7F-AD81-452E-84F1-F47CBBBC1D3B}
		{513E7D3A-EE8B-49B7-83C4-89D2099F0A04} = {D0B83052-146C-450A-ADF7-4F19F0A09293}
		{8E8AD351-85A0-4251-993C-BAF20FC70EA1} = {24C79A7F-AD81-452E-84F1-F47CBBBC1D3B}
		{014FE88B-32E4-4369-ADE0-96F109121ED5} = {BB2970C2-E521-472D-9F0F-E056695F1AEE}
		{60CD39FE-8851-45EF-BA22-4ADE009868EF} = {BB2970C2-E521-472D-9F0F-E056695F1AEE}
		{F49A623B-4ACF-4BB6-A98F-72D7359465A1} = {B72D0BB0-95CE-4C61-9DB2-B036BAA51B02}
	EndGlobalSection
EndGlobal
